{
  "name": "demo1",
  "version": "1.0.0",
  "lockfileVersion": 1,
  "requires": true,
  "dependencies": {
    "@jridgewell/gen-mapping": {
      "version": "0.3.3",
      "resolved": "http://r.npm.sankuai.com/@jridgewell/gen-mapping/download/@jridgewell/gen-mapping-0.3.3.tgz",
      "integrity": "sha1-fgLm6135AartsIUUIDsJZhQCQJg=",
      "requires": {
        "@jridgewell/set-array": "^1.0.1",
        "@jridgewell/sourcemap-codec": "^1.4.10",
        "@jridgewell/trace-mapping": "^0.3.9"
      }
    },
    "@jridgewell/resolve-uri": {
      "version": "3.1.1",
      "resolved": "http://r.npm.sankuai.com/@jridgewell/resolve-uri/download/@jridgewell/resolve-uri-3.1.1.tgz",
      "integrity": "sha1-wIZ5Bj8nlhWjMmWDujqQ0dgsxyE="
    },
    "@jridgewell/set-array": {
      "version": "1.1.2",
      "resolved": "http://r.npm.sankuai.com/@jridgewell/set-array/download/@jridgewell/set-array-1.1.2.tgz",
      "integrity": "sha1-fGz5mNbSC5FMClWpGuko/yWWXnI="
    },
    "@jridgewell/source-map": {
      "version": "0.3.5",
      "resolved": "http://r.npm.sankuai.com/@jridgewell/source-map/download/@jridgewell/source-map-0.3.5.tgz",
      "integrity": "sha1-o7tNXGglqrDSgSaPR/atWFNDHpE=",
      "requires": {
        "@jridgewell/gen-mapping": "^0.3.0",
        "@jridgewell/trace-mapping": "^0.3.9"
      }
    },
    "@jridgewell/sourcemap-codec": {
      "version": "1.4.15",
      "resolved": "http://r.npm.sankuai.com/@jridgewell/sourcemap-codec/download/@jridgewell/sourcemap-codec-1.4.15.tgz",
      "integrity": "sha1-18bmdVx4VnqVHgSrUu8P0m3lnzI="
    },
    "@jridgewell/trace-mapping": {
      "version": "0.3.20",
      "resolved": "http://r.npm.sankuai.com/@jridgewell/trace-mapping/download/@jridgewell/trace-mapping-0.3.20.tgz",
      "integrity": "sha1-cuRXB88kD6awgdA2b4JlsM0QGX8=",
      "requires": {
        "@jridgewell/resolve-uri": "^3.1.0",
        "@jridgewell/sourcemap-codec": "^1.4.14"
      }
    },
    "@types/eslint": {
      "version": "8.44.7",
      "resolved": "http://r.npm.sankuai.com/@types/eslint/download/@types/eslint-8.44.7.tgz",
      "integrity": "sha1-Qws8yW23DIH0BeagiuvbE4aRmPU=",
      "requires": {
        "@types/estree": "*",
        "@types/json-schema": "*"
      }
    },
    "@types/eslint-scope": {
      "version": "3.7.7",
      "resolved": "http://r.npm.sankuai.com/@types/eslint-scope/download/@types/eslint-scope-3.7.7.tgz",
      "integrity": "sha1-MQi9XxiwzbJ3yGez3UScntcHmsU=",
      "requires": {
        "@types/eslint": "*",
        "@types/estree": "*"
      }
    },
    "@types/estree": {
      "version": "1.0.5",
      "resolved": "http://r.npm.sankuai.com/@types/estree/download/@types/estree-1.0.5.tgz",
      "integrity": "sha1-ps4+VW4A/ZiV3Yct0XKtDUvWh/Q="
    },
    "@types/json-schema": {
      "version": "7.0.15",
      "resolved": "http://r.npm.sankuai.com/@types/json-schema/download/@types/json-schema-7.0.15.tgz",
      "integrity": "sha1-WWoXRyM2lNUPatinhp/Lb1bPWEE="
    },
    "@types/node": {
      "version": "20.10.3",
      "resolved": "http://r.npm.sankuai.com/@types/node/download/@types/node-20.10.3.tgz",
      "integrity": "sha1-SQCtzH/BidWvW7QdqPVDzqaWIDA=",
      "requires": {
        "undici-types": "~5.26.4"
      }
    },
    "@webassemblyjs/ast": {
      "version": "1.11.6",
      "resolved": "http://r.npm.sankuai.com/@webassemblyjs/ast/download/@webassemblyjs/ast-1.11.6.tgz",
      "integrity": "sha1-2wRlVdPEE/iWbKUKlRdqDixkLiQ=",
      "requires": {
        "@webassemblyjs/helper-numbers": "1.11.6",
        "@webassemblyjs/helper-wasm-bytecode": "1.11.6"
      }
    },
    "@webassemblyjs/floating-point-hex-parser": {
      "version": "1.11.6",
      "resolved": "http://r.npm.sankuai.com/@webassemblyjs/floating-point-hex-parser/download/@webassemblyjs/floating-point-hex-parser-1.11.6.tgz",
      "integrity": "sha1-2svLla/xNcgmD3f6O0xf6mAKZDE="
    },
    "@webassemblyjs/helper-api-error": {
      "version": "1.11.6",
      "resolved": "http://r.npm.sankuai.com/@webassemblyjs/helper-api-error/download/@webassemblyjs/helper-api-error-1.11.6.tgz",
      "integrity": "sha1-YTL2jErNWdzRQcRLGMvrvZ8vp2g="
    },
    "@webassemblyjs/helper-buffer": {
      "version": "1.11.6",
      "resolved": "http://r.npm.sankuai.com/@webassemblyjs/helper-buffer/download/@webassemblyjs/helper-buffer-1.11.6.tgz",
      "integrity": "sha1-tm1zxD4pb9XogAbxhST+sPLHwJM="
    },
    "@webassemblyjs/helper-numbers": {
      "version": "1.11.6",
      "resolved": "http://r.npm.sankuai.com/@webassemblyjs/helper-numbers/download/@webassemblyjs/helper-numbers-1.11.6.tgz",
      "integrity": "sha1-y85efgwb0yz0kFrkRO9kzqkZ8bU=",
      "requires": {
        "@webassemblyjs/floating-point-hex-parser": "1.11.6",
        "@webassemblyjs/helper-api-error": "1.11.6",
        "@xtuc/long": "4.2.2"
      }
    },
    "@webassemblyjs/helper-wasm-bytecode": {
      "version": "1.11.6",
      "resolved": "http://r.npm.sankuai.com/@webassemblyjs/helper-wasm-bytecode/download/@webassemblyjs/helper-wasm-bytecode-1.11.6.tgz",
      "integrity": "sha1-uy69s7g6om2bqtTEbUMVKDrNUek="
    },
    "@webassemblyjs/helper-wasm-section": {
      "version": "1.11.6",
      "resolved": "http://r.npm.sankuai.com/@webassemblyjs/helper-wasm-section/download/@webassemblyjs/helper-wasm-section-1.11.6.tgz",
      "integrity": "sha1-/5fzhjxV7n9YD9XEGjgene9KpXc=",
      "requires": {
        "@webassemblyjs/ast": "1.11.6",
        "@webassemblyjs/helper-buffer": "1.11.6",
        "@webassemblyjs/helper-wasm-bytecode": "1.11.6",
        "@webassemblyjs/wasm-gen": "1.11.6"
      }
    },
    "@webassemblyjs/ieee754": {
      "version": "1.11.6",
      "resolved": "http://r.npm.sankuai.com/@webassemblyjs/ieee754/download/@webassemblyjs/ieee754-1.11.6.tgz",
      "integrity": "sha1-u2ZckdCxT//OsOOCmMMprwQ8bjo=",
      "requires": {
        "@xtuc/ieee754": "^1.2.0"
      }
    },
    "@webassemblyjs/leb128": {
      "version": "1.11.6",
      "resolved": "http://r.npm.sankuai.com/@webassemblyjs/leb128/download/@webassemblyjs/leb128-1.11.6.tgz",
      "integrity": "sha1-cOYOXoL5rIERi8JTgaCyg4kyQNc=",
      "requires": {
        "@xtuc/long": "4.2.2"
      }
    },
    "@webassemblyjs/utf8": {
      "version": "1.11.6",
      "resolved": "http://r.npm.sankuai.com/@webassemblyjs/utf8/download/@webassemblyjs/utf8-1.11.6.tgz",
      "integrity": "sha1-kPi8NMVhWV/hVmA75yU8280Pq1o="
    },
    "@webassemblyjs/wasm-edit": {
      "version": "1.11.6",
      "resolved": "http://r.npm.sankuai.com/@webassemblyjs/wasm-edit/download/@webassemblyjs/wasm-edit-1.11.6.tgz",
      "integrity": "sha1-xy+oIgUkybQWJJ89lMKVjf5wzqs=",
      "requires": {
        "@webassemblyjs/ast": "1.11.6",
        "@webassemblyjs/helper-buffer": "1.11.6",
        "@webassemblyjs/helper-wasm-bytecode": "1.11.6",
        "@webassemblyjs/helper-wasm-section": "1.11.6",
        "@webassemblyjs/wasm-gen": "1.11.6",
        "@webassemblyjs/wasm-opt": "1.11.6",
        "@webassemblyjs/wasm-parser": "1.11.6",
        "@webassemblyjs/wast-printer": "1.11.6"
      }
    },
    "@webassemblyjs/wasm-gen": {
      "version": "1.11.6",
      "resolved": "http://r.npm.sankuai.com/@webassemblyjs/wasm-gen/download/@webassemblyjs/wasm-gen-1.11.6.tgz",
      "integrity": "sha1-+1KD4Oi0VRzE6cPA1xhKZfr3wmg=",
      "requires": {
        "@webassemblyjs/ast": "1.11.6",
        "@webassemblyjs/helper-wasm-bytecode": "1.11.6",
        "@webassemblyjs/ieee754": "1.11.6",
        "@webassemblyjs/leb128": "1.11.6",
        "@webassemblyjs/utf8": "1.11.6"
      }
    },
    "@webassemblyjs/wasm-opt": {
      "version": "1.11.6",
      "resolved": "http://r.npm.sankuai.com/@webassemblyjs/wasm-opt/download/@webassemblyjs/wasm-opt-1.11.6.tgz",
      "integrity": "sha1-2aItZRJIQiykmLCaoyMqgQQUh8I=",
      "requires": {
        "@webassemblyjs/ast": "1.11.6",
        "@webassemblyjs/helper-buffer": "1.11.6",
        "@webassemblyjs/wasm-gen": "1.11.6",
        "@webassemblyjs/wasm-parser": "1.11.6"
      }
    },
    "@webassemblyjs/wasm-parser": {
      "version": "1.11.6",
      "resolved": "http://r.npm.sankuai.com/@webassemblyjs/wasm-parser/download/@webassemblyjs/wasm-parser-1.11.6.tgz",
      "integrity": "sha1-u4U3jFJ9+CQASBK723hO6lORdKE=",
      "requires": {
        "@webassemblyjs/ast": "1.11.6",
        "@webassemblyjs/helper-api-error": "1.11.6",
        "@webassemblyjs/helper-wasm-bytecode": "1.11.6",
        "@webassemblyjs/ieee754": "1.11.6",
        "@webassemblyjs/leb128": "1.11.6",
        "@webassemblyjs/utf8": "1.11.6"
      }
    },
    "@webassemblyjs/wast-printer": {
      "version": "1.11.6",
      "resolved": "http://r.npm.sankuai.com/@webassemblyjs/wast-printer/download/@webassemblyjs/wast-printer-1.11.6.tgz",
      "integrity": "sha1-p7+N1+NirrFmj/Q/NcuEnxiO/yA=",
      "requires": {
        "@webassemblyjs/ast": "1.11.6",
        "@xtuc/long": "4.2.2"
      }
    },
    "@xtuc/ieee754": {
      "version": "1.2.0",
      "resolved": "http://r.npm.sankuai.com/@xtuc/ieee754/download/@xtuc/ieee754-1.2.0.tgz",
      "integrity": "sha1-7vAUoxRa5Hehy8AM0eVSM23Ot5A="
    },
    "@xtuc/long": {
      "version": "4.2.2",
      "resolved": "http://r.npm.sankuai.com/@xtuc/long/download/@xtuc/long-4.2.2.tgz",
      "integrity": "sha1-0pHGpOl5ibXGHZrPOWrk/hM6cY0="
    },
    "acorn": {
      "version": "8.11.2",
      "resolved": "http://r.npm.sankuai.com/acorn/download/acorn-8.11.2.tgz",
      "integrity": "sha1-yg14tRiVvlOQpZA8Wzvc2veK5As="
    },
    "acorn-import-assertions": {
      "version": "1.9.0",
      "resolved": "http://r.npm.sankuai.com/acorn-import-assertions/download/acorn-import-assertions-1.9.0.tgz",
      "integrity": "sha1-UHJ2JJ1oR5fITgc074SGAzTPsaw="
    },
    "ajv": {
      "version": "6.12.6",
      "resolved": "http://r.npm.sankuai.com/ajv/download/ajv-6.12.6.tgz",
      "integrity": "sha1-uvWmLoArB9l3A0WG+MO69a3ybfQ=",
      "requires": {
        "fast-deep-equal": "^3.1.1",
        "fast-json-stable-stringify": "^2.0.0",
        "json-schema-traverse": "^0.4.1",
        "uri-js": "^4.2.2"
      }
    },
    "ajv-keywords": {
      "version": "3.5.2",
      "resolved": "http://r.npm.sankuai.com/ajv-keywords/download/ajv-keywords-3.5.2.tgz",
      "integrity": "sha1-MfKdpatuANHC0yms97WSlhTVAU0="
    },
    "browserslist": {
      "version": "4.22.1",
      "resolved": "http://r.npm.sankuai.com/browserslist/download/browserslist-4.22.1.tgz",
      "integrity": "sha1-upGVjRpZuH2rb+2N+8s9peLpxhk=",
      "requires": {
        "caniuse-lite": "^1.0.30001541",
        "electron-to-chromium": "^1.4.535",
        "node-releases": "^2.0.13",
        "update-browserslist-db": "^1.0.13"
      }
    },
    "buffer-from": {
      "version": "1.1.2",
      "resolved": "http://r.npm.sankuai.com/buffer-from/download/buffer-from-1.1.2.tgz",
      "integrity": "sha1-KxRqb9cugLT1XSVfNe1Zo6mkG9U="
    },
    "caniuse-lite": {
      "version": "1.0.30001565",
      "resolved": "http://r.npm.sankuai.com/caniuse-lite/download/caniuse-lite-1.0.30001565.tgz",
      "integrity": "sha1-pSiyU8ii2V0rQV4R2LmUKswQDE8="
    },
    "chrome-trace-event": {
      "version": "1.0.3",
      "resolved": "http://r.npm.sankuai.com/chrome-trace-event/download/chrome-trace-event-1.0.3.tgz",
      "integrity": "sha1-EBXs7UdB4V0GZkqVfbv1DQQeJqw="
    },
    "commander": {
      "version": "2.20.3",
      "resolved": "http://r.npm.sankuai.com/commander/download/commander-2.20.3.tgz",
      "integrity": "sha1-/UhehMA+tIgcIHIrpIA16FMa6zM="
    },
    "electron-to-chromium": {
      "version": "1.4.593",
      "resolved": "http://r.npm.sankuai.com/electron-to-chromium/download/electron-to-chromium-1.4.593.tgz",
      "integrity": "sha1-9xsVf3OC89OhZPc/8tp3LUs/2YQ="
    },
    "enhanced-resolve": {
      "version": "5.15.0",
      "resolved": "http://r.npm.sankuai.com/enhanced-resolve/download/enhanced-resolve-5.15.0.tgz",
      "integrity": "sha1-GvlGx9k2A+uI6Yls7kkE3AEunDU=",
      "requires": {
        "graceful-fs": "^4.2.4",
        "tapable": "^2.2.0"
      }
    },
    "es-module-lexer": {
      "version": "1.4.1",
      "resolved": "http://r.npm.sankuai.com/es-module-lexer/download/es-module-lexer-1.4.1.tgz",
      "integrity": "sha1-QeohtDkI/moof/y+QwD3kFVTMfU="
    },
    "escalade": {
      "version": "3.1.1",
      "resolved": "http://r.npm.sankuai.com/escalade/download/escalade-3.1.1.tgz",
      "integrity": "sha1-2M/ccACWXFoBdLSoLqpcBVJ0LkA="
    },
    "eslint-scope": {
      "version": "5.1.1",
      "resolved": "http://r.npm.sankuai.com/eslint-scope/download/eslint-scope-5.1.1.tgz",
      "integrity": "sha1-54blmmbLkrP2wfsNUIqrF0hI9Iw=",
      "requires": {
        "esrecurse": "^4.3.0",
        "estraverse": "^4.1.1"
      }
    },
    "esrecurse": {
      "version": "4.3.0",
      "resolved": "http://r.npm.sankuai.com/esrecurse/download/esrecurse-4.3.0.tgz",
      "integrity": "sha1-eteWTWeauyi+5yzsY3WLHF0smSE=",
      "requires": {
        "estraverse": "^5.2.0"
      },
      "dependencies": {
        "estraverse": {
          "version": "5.3.0",
          "resolved": "http://r.npm.sankuai.com/estraverse/download/estraverse-5.3.0.tgz",
          "integrity": "sha1-LupSkHAvJquP5TcDcP+GyWXSESM="
        }
      }
    },
    "estraverse": {
      "version": "4.3.0",
      "resolved": "http://r.npm.sankuai.com/estraverse/download/estraverse-4.3.0.tgz",
      "integrity": "sha1-OYrT88WiSUi+dyXoPRGn3ijNvR0="
    },
    "events": {
      "version": "3.3.0",
      "resolved": "http://r.npm.sankuai.com/events/download/events-3.3.0.tgz",
      "integrity": "sha1-Mala0Kkk4tLEGagTrrLE6HjqdAA="
    },
    "fast-deep-equal": {
      "version": "3.1.3",
      "resolved": "http://r.npm.sankuai.com/fast-deep-equal/download/fast-deep-equal-3.1.3.tgz",
      "integrity": "sha1-On1WtVnWy8PrUSMlJE5hmmXGxSU="
    },
    "fast-json-stable-stringify": {
      "version": "2.1.0",
      "resolved": "http://r.npm.sankuai.com/fast-json-stable-stringify/download/fast-json-stable-stringify-2.1.0.tgz",
      "integrity": "sha1-h0v2nG9ATCtdmcSBNBOZ/VWJJjM="
    },
    "glob-to-regexp": {
      "version": "0.4.1",
      "resolved": "http://r.npm.sankuai.com/glob-to-regexp/download/glob-to-regexp-0.4.1.tgz",
      "integrity": "sha1-x1KXCHyFG5pXi9IX3VmpL1n+VG4="
    },
    "graceful-fs": {
      "version": "4.2.11",
      "resolved": "http://r.npm.sankuai.com/graceful-fs/download/graceful-fs-4.2.11.tgz",
      "integrity": "sha1-QYPk6L8Iu24Fu7L30uDI9xLKQOM="
    },
    "has-flag": {
      "version": "4.0.0",
      "resolved": "http://r.npm.sankuai.com/has-flag/download/has-flag-4.0.0.tgz",
      "integrity": "sha1-lEdx/ZyByBJlxNaUGGDaBrtZR5s="
    },
    "jest-worker": {
      "version": "27.5.1",
      "resolved": "http://r.npm.sankuai.com/jest-worker/download/jest-worker-27.5.1.tgz",
      "integrity": "sha1-jRRvCQDolzsQa29zzB6ajLhvjbA=",
      "requires": {
        "@types/node": "*",
        "merge-stream": "^2.0.0",
        "supports-color": "^8.0.0"
      }
    },
    "json-parse-even-better-errors": {
      "version": "2.3.1",
      "resolved": "http://r.npm.sankuai.com/json-parse-even-better-errors/download/json-parse-even-better-errors-2.3.1.tgz",
      "integrity": "sha1-fEeAWpQxmSjgV3dAXcEuH3pO4C0="
    },
    "json-schema-traverse": {
      "version": "0.4.1",
      "resolved": "http://r.npm.sankuai.com/json-schema-traverse/download/json-schema-traverse-0.4.1.tgz",
      "integrity": "sha1-afaofZUTq4u4/mO9sJecRI5oRmA="
    },
    "loader-runner": {
      "version": "4.3.0",
      "resolved": "http://r.npm.sankuai.com/loader-runner/download/loader-runner-4.3.0.tgz",
      "integrity": "sha1-wbShY7mfYUgwNTsWdV5xSawjFOE="
    },
    "merge-stream": {
      "version": "2.0.0",
      "resolved": "http://r.npm.sankuai.com/merge-stream/download/merge-stream-2.0.0.tgz",
      "integrity": "sha1-UoI2KaFN0AyXcPtq1H3GMQ8sH2A="
    },
    "mime-db": {
      "version": "1.52.0",
      "resolved": "http://r.npm.sankuai.com/mime-db/download/mime-db-1.52.0.tgz",
      "integrity": "sha1-u6vNwChZ9JhzAchW4zh85exDv3A="
    },
    "mime-types": {
      "version": "2.1.35",
      "resolved": "http://r.npm.sankuai.com/mime-types/download/mime-types-2.1.35.tgz",
      "integrity": "sha1-OBqHG2KnNEUGYK497uRIE/cNlZo=",
      "requires": {
        "mime-db": "1.52.0"
      }
    },
    "neo-async": {
      "version": "2.6.2",
      "resolved": "http://r.npm.sankuai.com/neo-async/download/neo-async-2.6.2.tgz",
      "integrity": "sha1-tKr7k+OustgXTKU88WOrfXMIMF8="
    },
    "node-releases": {
      "version": "2.0.13",
      "resolved": "http://r.npm.sankuai.com/node-releases/download/node-releases-2.0.13.tgz",
      "integrity": "sha1-1e0WJ8I+NGHoGbAuV7deSJmxyB0="
    },
    "picocolors": {
      "version": "1.0.0",
      "resolved": "http://r.npm.sankuai.com/picocolors/download/picocolors-1.0.0.tgz",
      "integrity": "sha1-y1vcdP8/UYkiNur3nWi8RFZKuBw="
    },
    "punycode": {
      "version": "2.3.1",
      "resolved": "http://r.npm.sankuai.com/punycode/download/punycode-2.3.1.tgz",
      "integrity": "sha1-AnQi4vrsCyXhVJw+G9gwm5EztuU="
    },
    "randombytes": {
      "version": "2.1.0",
      "resolved": "http://r.npm.sankuai.com/randombytes/download/randombytes-2.1.0.tgz",
      "integrity": "sha1-32+ENy8CcNxlzfYpE0mrekc9Tyo=",
      "requires": {
        "safe-buffer": "^5.1.0"
      }
    },
    "safe-buffer": {
      "version": "5.2.1",
      "resolved": "http://r.npm.sankuai.com/safe-buffer/download/safe-buffer-5.2.1.tgz",
      "integrity": "sha1-Hq+fqb2x/dTsdfWPnNtOa3gn7sY="
    },
    "schema-utils": {
      "version": "3.3.0",
      "resolved": "http://r.npm.sankuai.com/schema-utils/download/schema-utils-3.3.0.tgz",
      "integrity": "sha1-9QqIh3w8AWUqFbYirp6Xld96YP4=",
      "requires": {
        "@types/json-schema": "^7.0.8",
        "ajv": "^6.12.5",
        "ajv-keywords": "^3.5.2"
      }
    },
    "serialize-javascript": {
      "version": "6.0.1",
      "resolved": "http://r.npm.sankuai.com/serialize-javascript/download/serialize-javascript-6.0.1.tgz",
      "integrity": "sha1-sgbvsnw9oLCra1L0jRcLeZZFjlw=",
      "requires": {
        "randombytes": "^2.1.0"
      }
    },
    "source-map": {
      "version": "0.6.1",
      "resolved": "http://r.npm.sankuai.com/source-map/download/source-map-0.6.1.tgz",
      "integrity": "sha1-dHIq8y6WFOnCh6jQu95IteLxomM="
    },
    "source-map-support": {
      "version": "0.5.21",
      "resolved": "http://r.npm.sankuai.com/source-map-support/download/source-map-support-0.5.21.tgz",
      "integrity": "sha1-BP58f54e0tZiIzwoyys1ufY/bk8=",
      "requires": {
        "buffer-from": "^1.0.0",
        "source-map": "^0.6.0"
      }
    },
    "supports-color": {
      "version": "8.1.1",
      "resolved": "http://r.npm.sankuai.com/supports-color/download/supports-color-8.1.1.tgz",
      "integrity": "sha1-zW/BfihQDP9WwbhsCn/UpUpzAFw=",
      "requires": {
        "has-flag": "^4.0.0"
      }
    },
    "tapable": {
      "version": "2.2.1",
      "resolved": "http://r.npm.sankuai.com/tapable/download/tapable-2.2.1.tgz",
      "integrity": "sha1-GWenPvQGCoLxKrlq+G1S/bdu7KA="
    },
    "terser": {
      "version": "5.24.0",
      "resolved": "http://r.npm.sankuai.com/terser/download/terser-5.24.0.tgz",
      "integrity": "sha1-SuUDApd7ykgxzMe0/vY6PAQig2Q=",
      "requires": {
        "@jridgewell/source-map": "^0.3.3",
        "acorn": "^8.8.2",
        "commander": "^2.20.0",
        "source-map-support": "~0.5.20"
      }
    },
    "terser-webpack-plugin": {
      "version": "5.3.9",
      "resolved": "http://r.npm.sankuai.com/terser-webpack-plugin/download/terser-webpack-plugin-5.3.9.tgz",
      "integrity": "sha1-gyU2mZxRtG1GgGf543Zio7lq3+E=",
      "requires": {
        "@jridgewell/trace-mapping": "^0.3.17",
        "jest-worker": "^27.4.5",
        "schema-utils": "^3.1.1",
        "serialize-javascript": "^6.0.1",
        "terser": "^5.16.8"
      }
    },
    "undici-types": {
      "version": "5.26.5",
      "resolved": "http://r.npm.sankuai.com/undici-types/download/undici-types-5.26.5.tgz",
      "integrity": "sha1-vNU5iT0AtW6WT9JlekhmsiGmVhc="
    },
    "update-browserslist-db": {
      "version": "1.0.13",
      "resolved": "http://r.npm.sankuai.com/update-browserslist-db/download/update-browserslist-db-1.0.13.tgz",
      "integrity": "sha1-PF5PXAg2Yb0472S2Mowm7WyCSMQ=",
      "requires": {
        "escalade": "^3.1.1",
        "picocolors": "^1.0.0"
      }
    },
    "uri-js": {
      "version": "4.4.1",
      "resolved": "http://r.npm.sankuai.com/uri-js/download/uri-js-4.4.1.tgz",
      "integrity": "sha1-mxpSWVIlhZ5V9mnZKPiMbFfyp34=",
      "requires": {
        "punycode": "^2.1.0"
      }
    },
    "watchpack": {
      "version": "2.4.0",
      "resolved": "http://r.npm.sankuai.com/watchpack/download/watchpack-2.4.0.tgz",
      "integrity": "sha1-+jMDI3SWLHgRP5PH8vtMVMmGKl0=",
      "requires": {
        "glob-to-regexp": "^0.4.1",
        "graceful-fs": "^4.1.2"
      }
    },
    "webpack": {
      "version": "5.89.0",
      "resolved": "http://r.npm.sankuai.com/webpack/download/webpack-5.89.0.tgz",
      "integrity": "sha1-Vri/mjQ1bpOmYldwAGSQvzp/Mtw=",
      "requires": {
        "@types/eslint-scope": "^3.7.3",
        "@types/estree": "^1.0.0",
        "@webassemblyjs/ast": "^1.11.5",
        "@webassemblyjs/wasm-edit": "^1.11.5",
        "@webassemblyjs/wasm-parser": "^1.11.5",
        "acorn": "^8.7.1",
        "acorn-import-assertions": "^1.9.0",
        "browserslist": "^4.14.5",
        "chrome-trace-event": "^1.0.2",
        "enhanced-resolve": "^5.15.0",
        "es-module-lexer": "^1.2.1",
        "eslint-scope": "5.1.1",
        "events": "^3.2.0",
        "glob-to-regexp": "^0.4.1",
        "graceful-fs": "^4.2.9",
        "json-parse-even-better-errors": "^2.3.1",
        "loader-runner": "^4.2.0",
        "mime-types": "^2.1.27",
        "neo-async": "^2.6.2",
        "schema-utils": "^3.2.0",
        "tapable": "^2.1.1",
        "terser-webpack-plugin": "^5.3.7",
        "watchpack": "^2.4.0",
        "webpack-sources": "^3.2.3"
      }
    },
    "webpack-sources": {
      "version": "3.2.3",
      "resolved": "http://r.npm.sankuai.com/webpack-sources/download/webpack-sources-3.2.3.tgz",
      "integrity": "sha1-LU2quEUf1LJAzCcFX/agwszqDN4="
    }
  }
}
